
Microsoft Visual Studio Solution File, Format Version 12.00
# Visual Studio 2012
Project("{FAE04EC0-301F-11D3-BF4B-00C04F79EFBC}") = "SMS", "SMS\SMS.csproj", "{0E67691B-0041-41FF-81D5-A57A686D9FBC}"
EndProject
Project("{FAE04EC0-301F-11D3-BF4B-00C04F79EFBC}") = "BLL", "BLL\BLL.csproj", "{1DA6601A-61E7-4255-A25A-D42E03670F0B}"
EndProject
Project("{FAE04EC0-301F-11D3-BF4B-00C04F79EFBC}") = "DAL", "DAL\DAL.csproj", "{281BF9C8-0E5F-4FE5-8AAE-4F5309AE4452}"
EndProject
Global
	GlobalSection(SolutionConfigurationPlatforms) = preSolution
		Debug|Any CPU = Debug|Any CPU
		Release|Any CPU = Release|Any CPU
	EndGlobalSection
	GlobalSection(ProjectConfigurationPlatforms) = postSolution
		{0E67691B-0041-41FF-81D5-A57A686D9FBC}.Debug|Any CPU.ActiveCfg = Debug|Any CPU
		{0E67691B-0041-41FF-81D5-A57A686D9FBC}.Debug|Any CPU.Build.0 = Debug|Any CPU
		{0E67691B-0041-41FF-81D5-A57A686D9FBC}.Release|Any CPU.ActiveCfg = Release|Any CPU
		{0E67691B-0041-41FF-81D5-A57A686D9FBC}.Release|Any CPU.Build.0 = Release|Any CPU
		{1DA6601A-61E7-4255-A25A-D42E03670F0B}.Debug|Any CPU.ActiveCfg = Debug|Any CPU
		{1DA6601A-61E7-4255-A25A-D42E03670F0B}.Debug|Any CPU.Build.0 = Debug|Any CPU
		{1DA6601A-61E7-4255-A25A-D42E03670F0B}.Release|Any CPU.ActiveCfg = Release|Any CPU
		{1DA6601A-61E7-4255-A25A-D42E03670F0B}.Release|Any CPU.Build.0 = Release|Any CPU
		{281BF9C8-0E5F-4FE5-8AAE-4F5309AE4452}.Debug|Any CPU.ActiveCfg = Debug|Any CPU
		{281BF9C8-0E5F-4FE5-8AAE-4F5309AE4452}.Debug|Any CPU.Build.0 = Debug|Any CPU
		{281BF9C8-0E5F-4FE5-8AAE-4F5309AE4452}.Release|Any CPU.ActiveCfg = Release|Any CPU
		{281BF9C8-0E5F-4FE5-8AAE-4F5309AE4452}.Release|Any CPU.Build.0 = Release|Any CPU
	EndGlobalSection
	GlobalSection(SolutionProperties) = preSolution
		HideSolutionNode = FALSE
	EndGlobalSection
EndGlobal
